
Microsoft Visual Studio Solution File, Format Version 12.00
# Visual Studio Version 16
VisualStudioVersion = 16.0.31624.102
MinimumVisualStudioVersion = 10.0.40219.1
Project("{9A19103F-16F7-4668-BE54-9A1E7A4F7556}") = "OdeToFood", "OdeToFood.csproj", "{19590949-8195-49CA-AF62-E7E8D6E8D048}"
EndProject
Global
	GlobalSection(SolutionConfigurationPlatforms) = preSolution
		Debug|Any CPU = Debug|Any CPU
		Release|Any CPU = Release|Any CPU
	EndGlobalSection
	GlobalSection(ProjectConfigurationPlatforms) = postSolution
		{19590949-8195-49CA-AF62-E7E8D6E8D048}.Debug|Any CPU.ActiveCfg = Debug|Any CPU
		{19590949-8195-49CA-AF62-E7E8D6E8D048}.Debug|Any CPU.Build.0 = Debug|Any CPU
		{19590949-8195-49CA-AF62-E7E8D6E8D048}.Release|Any CPU.ActiveCfg = Release|Any CPU
		{19590949-8195-49CA-AF62-E7E8D6E8D048}.Release|Any CPU.Build.0 = Release|Any CPU
	EndGlobalSection
	GlobalSection(SolutionProperties) = preSolution
		HideSolutionNode = FALSE
	EndGlobalSection
	GlobalSection(ExtensibilityGlobals) = postSolution
		SolutionGuid = {D825FFCF-088F-4E86-BB4F-AF27E63991BB}
	EndGlobalSection
EndGlobal
